{
  "originHash" : "06bc29a456ecf830b62634fece0965eb096c99c39e22aab498b6df4b3135075a",
  "pins" : [
    {
      "identity" : "alamofire",
      "kind" : "remoteSourceControl",
      "location" : "https://github.com/Alamofire/Alamofire.git",
      "state" : {
        "revision" : "513364f870f6bfc468f9d2ff0a95caccc10044c5",
        "version" : "5.10.2"
      }
    },
    {
      "identity" : "ios-maps-sdk",
      "kind" : "remoteSourceControl",
      "location" : "https://github.com/googlemaps/ios-maps-sdk",
      "state" : {
        "revision" : "9fa352d6eca4a731949efcdb27ed851f1fcd4447",
        "version" : "9.3.0"
      }
    },
    {
      "identity" : "ios-places-sdk",
      "kind" : "remoteSourceControl",
      "location" : "https://github.com/googlemaps/ios-places-sdk",
      "state" : {
        "revision" : "d4f4b9b3b6c45452f94cee45d64cf60f2fa174dc",
        "version" : "9.3.0"
      }
    }
  ],
  "version" : 3
}
