{
  "originHash" : "055256eeedbf4c4b6fdd3686f7f2c0a091f6afec0f02c6709693fae1c36da3fc",
  "pins" : [
    {
      "identity" : "alamofire",
      "kind" : "remoteSourceControl",
      "location" : "https://github.com/Alamofire/Alamofire.git",
      "state" : {
        "revision" : "513364f870f6bfc468f9d2ff0a95caccc10044c5",
        "version" : "5.10.2"
      }
    },
    {
      "identity" : "ios-maps-sdk",
      "kind" : "remoteSourceControl",
      "location" : "https://github.com/googlemaps/ios-maps-sdk",
      "state" : {
        "revision" : "df7ecd2f894fd83f0287f2cfb6842a0dfe6f290b",
        "version" : "9.2.0"
      }
    }
  ],
  "version" : 3
}
